
Microsoft Visual Studio Solution File, Format Version 12.00
# Visual Studio Version 17
VisualStudioVersion = 17.3.32922.545
MinimumVisualStudioVersion = 10.0.40219.1
Project("{FAE04EC0-301F-11D3-BF4B-00C04F79EFBC}") = "trackingApi", "trackingApi.csproj", "{665C1F5B-97CD-4CAB-954F-169CF81770B8}"
EndProject
Global
	GlobalSection(SolutionConfigurationPlatforms) = preSolution
		Debug|Any CPU = Debug|Any CPU
		Release|Any CPU = Release|Any CPU
	EndGlobalSection
	GlobalSection(ProjectConfigurationPlatforms) = postSolution
		{665C1F5B-97CD-4CAB-954F-169CF81770B8}.Debug|Any CPU.ActiveCfg = Debug|Any CPU
		{665C1F5B-97CD-4CAB-954F-169CF81770B8}.Debug|Any CPU.Build.0 = Debug|Any CPU
		{665C1F5B-97CD-4CAB-954F-169CF81770B8}.Release|Any CPU.ActiveCfg = Release|Any CPU
		{665C1F5B-97CD-4CAB-954F-169CF81770B8}.Release|Any CPU.Build.0 = Release|Any CPU
	EndGlobalSection
	GlobalSection(SolutionProperties) = preSolution
		HideSolutionNode = FALSE
	EndGlobalSection
	GlobalSection(ExtensibilityGlobals) = postSolution
		SolutionGuid = {3AF43592-F31D-4091-AB81-4B9DF5C47615}
	EndGlobalSection
EndGlobal
